// !$*UTF8*$!
{
	archiveVersion = 1;
	classes = {
	};
	objectVersion = 50;
	objects = {

/* Begin PBXBuildFile section */
		D61D88C1249D472600DD4958 /* Question.swift in Sources */ = {isa = PBXBuildFile; fileRef = D61D88C0249D472600DD4958 /* Question.swift */; };
		D64D845224A64FB40042AF34 /* QuestionView.swift in Sources */ = {isa = PBXBuildFile; fileRef = D64D845124A64FB40042AF34 /* QuestionView.swift */; };
		D672E401249E92190098EFCE /* QuestionManager.swift in Sources */ = {isa = PBXBuildFile; fileRef = D672E400249E92190098EFCE /* QuestionManager.swift */; };
		D6AD3BEC249E8D930018E0F8 /* Game.swift in Sources */ = {isa = PBXBuildFile; fileRef = D6AD3BEB249E8D930018E0F8 /* Game.swift */; };
		D6F0EA44249CFA0600598A8C /* AppDelegate.swift in Sources */ = {isa = PBXBuildFile; fileRef = D6F0EA43249CFA0600598A8C /* AppDelegate.swift */; };
		D6F0EA46249CFA0600598A8C /* SceneDelegate.swift in Sources */ = {isa = PBXBuildFile; fileRef = D6F0EA45249CFA0600598A8C /* SceneDelegate.swift */; };
		D6F0EA48249CFA0600598A8C /* ViewController.swift in Sources */ = {isa = PBXBuildFile; fileRef = D6F0EA47249CFA0600598A8C /* ViewController.swift */; };
		D6F0EA4B249CFA0600598A8C /* Main.storyboard in Resources */ = {isa = PBXBuildFile; fileRef = D6F0EA49249CFA0600598A8C /* Main.storyboard */; };
		D6F0EA4D249CFA0900598A8C /* Assets.xcassets in Resources */ = {isa = PBXBuildFile; fileRef = D6F0EA4C249CFA0900598A8C /* Assets.xcassets */; };
		D6F0EA50249CFA0900598A8C /* LaunchScreen.storyboard in Resources */ = {isa = PBXBuildFile; fileRef = D6F0EA4E249CFA0900598A8C /* LaunchScreen.storyboard */; };
/* End PBXBuildFile section */

/* Begin PBXFileReference section */
		D61D88C0249D472600DD4958 /* Question.swift */ = {isa = PBXFileReference; lastKnownFileType = sourcecode.swift; path = Question.swift; sourceTree = "<group>"; };
		D64D845124A64FB40042AF34 /* QuestionView.swift */ = {isa = PBXFileReference; lastKnownFileType = sourcecode.swift; path = QuestionView.swift; sourceTree = "<group>"; };
		D672E400249E92190098EFCE /* QuestionManager.swift */ = {isa = PBXFileReference; lastKnownFileType = sourcecode.swift; path = QuestionManager.swift; sourceTree = "<group>"; };
		D6AD3BEB249E8D930018E0F8 /* Game.swift */ = {isa = PBXFileReference; lastKnownFileType = sourcecode.swift; path = Game.swift; sourceTree = "<group>"; };
		D6F0EA40249CFA0600598A8C /* Quiz.app */ = {isa = PBXFileReference; explicitFileType = wrapper.application; includeInIndex = 0; path = Quiz.app; sourceTree = BUILT_PRODUCTS_DIR; };
		D6F0EA43249CFA0600598A8C /* AppDelegate.swift */ = {isa = PBXFileReference; lastKnownFileType = sourcecode.swift; path = AppDelegate.swift; sourceTree = "<group>"; };
		D6F0EA45249CFA0600598A8C /* SceneDelegate.swift */ = {isa = PBXFileReference; lastKnownFileType = sourcecode.swift; path = SceneDelegate.swift; sourceTree = "<group>"; };
		D6F0EA47249CFA0600598A8C /* ViewController.swift */ = {isa = PBXFileReference; lastKnownFileType = sourcecode.swift; path = ViewController.swift; sourceTree = "<group>"; };
		D6F0EA4A249CFA0600598A8C /* Base */ = {isa = PBXFileReference; lastKnownFileType = file.storyboard; name = Base; path = Base.lproj/Main.storyboard; sourceTree = "<group>"; };
		D6F0EA4C249CFA0900598A8C /* Assets.xcassets */ = {isa = PBXFileReference; lastKnownFileType = folder.assetcatalog; path = Assets.xcassets; sourceTree = "<group>"; };
		D6F0EA4F249CFA0900598A8C /* Base */ = {isa = PBXFileReference; lastKnownFileType = file.storyboard; name = Base; path = Base.lproj/LaunchScreen.storyboard; sourceTree = "<group>"; };
		D6F0EA51249CFA0900598A8C /* Info.plist */ = {isa = PBXFileReference; lastKnownFileType = text.plist.xml; path = Info.plist; sourceTree = "<group>"; };
		D6F0EA5D249D0C7A00598A8C /* Balham.otf */ = {isa = PBXFileReference; lastKnownFileType = file; path = Balham.otf; sourceTree = "<group>"; };
/* End PBXFileReference section */

/* Begin PBXFrameworksBuildPhase section */
		D6F0EA3D249CFA0600598A8C /* Frameworks */ = {
			isa = PBXFrameworksBuildPhase;
			buildActionMask = 2147483647;
			files = (
			);
			runOnlyForDeploymentPostprocessing = 0;
		};
/* End PBXFrameworksBuildPhase section */

/* Begin PBXGroup section */
		D6F0EA37249CFA0600598A8C = {
			isa = PBXGroup;
			children = (
				D6F0EA42249CFA0600598A8C /* Quiz */,
				D6F0EA41249CFA0600598A8C /* Products */,
			);
			sourceTree = "<group>";
		};
		D6F0EA41249CFA0600598A8C /* Products */ = {
			isa = PBXGroup;
			children = (
				D6F0EA40249CFA0600598A8C /* Quiz.app */,
			);
			name = Products;
			sourceTree = "<group>";
		};
		D6F0EA42249CFA0600598A8C /* Quiz */ = {
			isa = PBXGroup;
			children = (
				D6F0EA59249D0B9300598A8C /* Model */,
				D6F0EA5B249D0C0600598A8C /* Controller */,
				D6F0EA5A249D0BD800598A8C /* View */,
				D6F0EA5C249D0C7A00598A8C /* Supporting Files */,
			);
			path = Quiz;
			sourceTree = "<group>";
		};
		D6F0EA59249D0B9300598A8C /* Model */ = {
			isa = PBXGroup;
			children = (
				D61D88C0249D472600DD4958 /* Question.swift */,
				D6AD3BEB249E8D930018E0F8 /* Game.swift */,
				D672E400249E92190098EFCE /* QuestionManager.swift */,
			);
			path = Model;
			sourceTree = "<group>";
		};
		D6F0EA5A249D0BD800598A8C /* View */ = {
			isa = PBXGroup;
			children = (
				D6F0EA49249CFA0600598A8C /* Main.storyboard */,
				D64D845124A64FB40042AF34 /* QuestionView.swift */,
			);
			path = View;
			sourceTree = "<group>";
		};
		D6F0EA5B249D0C0600598A8C /* Controller */ = {
			isa = PBXGroup;
			children = (
				D6F0EA47249CFA0600598A8C /* ViewController.swift */,
			);
			path = Controller;
			sourceTree = "<group>";
		};
		D6F0EA5C249D0C7A00598A8C /* Supporting Files */ = {
			isa = PBXGroup;
			children = (
				D6F0EA4C249CFA0900598A8C /* Assets.xcassets */,
				D6F0EA45249CFA0600598A8C /* SceneDelegate.swift */,
				D6F0EA43249CFA0600598A8C /* AppDelegate.swift */,
				D6F0EA5D249D0C7A00598A8C /* Balham.otf */,
				D6F0EA4E249CFA0900598A8C /* LaunchScreen.storyboard */,
				D6F0EA51249CFA0900598A8C /* Info.plist */,
			);
			path = "Supporting Files";
			sourceTree = "<group>";
		};
/* End PBXGroup section */

/* Begin PBXNativeTarget section */
		D6F0EA3F249CFA0600598A8C /* Quiz */ = {
			isa = PBXNativeTarget;
			buildConfigurationList = D6F0EA54249CFA0900598A8C /* Build configuration list for PBXNativeTarget "Quiz" */;
			buildPhases = (
				D6F0EA3C249CFA0600598A8C /* Sources */,
				D6F0EA3D249CFA0600598A8C /* Frameworks */,
				D6F0EA3E249CFA0600598A8C /* Resources */,
			);
			buildRules = (
			);
			dependencies = (
			);
			name = Quiz;
			productName = Quiz;
			productReference = D6F0EA40249CFA0600598A8C /* Quiz.app */;
			productType = "com.apple.product-type.application";
		};
/* End PBXNativeTarget section */

/* Begin PBXProject section */
		D6F0EA38249CFA0600598A8C /* Project object */ = {
			isa = PBXProject;
			attributes = {
				LastSwiftUpdateCheck = 1150;
				LastUpgradeCheck = 1150;
				ORGANIZATIONNAME = user172836;
				TargetAttributes = {
					D6F0EA3F249CFA0600598A8C = {
						CreatedOnToolsVersion = 11.5;
					};
				};
			};
			buildConfigurationList = D6F0EA3B249CFA0600598A8C /* Build configuration list for PBXProject "Quiz" */;
			compatibilityVersion = "Xcode 9.3";
			developmentRegion = en;
			hasScannedForEncodings = 0;
			knownRegions = (
				en,
				Base,
			);
			mainGroup = D6F0EA37249CFA0600598A8C;
			productRefGroup = D6F0EA41249CFA0600598A8C /* Products */;
			projectDirPath = "";
			projectRoot = "";
			targets = (
				D6F0EA3F249CFA0600598A8C /* Quiz */,
			);
		};
/* End PBXProject section */

/* Begin PBXResourcesBuildPhase section */
		D6F0EA3E249CFA0600598A8C /* Resources */ = {
			isa = PBXResourcesBuildPhase;
			buildActionMask = 2147483647;
			files = (
				D6F0EA50249CFA0900598A8C /* LaunchScreen.storyboard in Resources */,
				D6F0EA4D249CFA0900598A8C /* Assets.xcassets in Resources */,
				D6F0EA4B249CFA0600598A8C /* Main.storyboard in Resources */,
			);
			runOnlyForDeploymentPostprocessing = 0;
		};
/* End PBXResourcesBuildPhase section */

/* Begin PBXSourcesBuildPhase section */
		D6F0EA3C249CFA0600598A8C /* Sources */ = {
			isa = PBXSourcesBuildPhase;
			buildActionMask = 2147483647;
			files = (
				D6F0EA48249CFA0600598A8C /* ViewController.swift in Sources */,
				D6AD3BEC249E8D930018E0F8 /* Game.swift in Sources */,
				D61D88C1249D472600DD4958 /* Question.swift in Sources */,
				D64D845224A64FB40042AF34 /* QuestionView.swift in Sources */,
				D6F0EA44249CFA0600598A8C /* AppDelegate.swift in Sources */,
				D6F0EA46249CFA0600598A8C /* SceneDelegate.swift in Sources */,
				D672E401249E92190098EFCE /* QuestionManager.swift in Sources */,
			);
			runOnlyForDeploymentPostprocessing = 0;
		};
/* End PBXSourcesBuildPhase section */

/* Begin PBXVariantGroup section */
		D6F0EA49249CFA0600598A8C /* Main.storyboard */ = {
			isa = PBXVariantGroup;
			children = (
				D6F0EA4A249CFA0600598A8C /* Base */,
			);
			name = Main.storyboard;
			sourceTree = "<group>";
		};
		D6F0EA4E249CFA0900598A8C /* LaunchScreen.storyboard */ = {
			isa = PBXVariantGroup;
			children = (
				D6F0EA4F249CFA0900598A8C /* Base */,
			);
			name = LaunchScreen.storyboard;
			sourceTree = "<group>";
		};
/* End PBXVariantGroup section */

/* Begin XCBuildConfiguration section */
		D6F0EA52249CFA0900598A8C /* Debug */ = {
			isa = XCBuildConfiguration;
			buildSettings = {
				ALWAYS_SEARCH_USER_PATHS = NO;
				CLANG_ANALYZER_NONNULL = YES;
				CLANG_ANALYZER_NUMBER_OBJECT_CONVERSION = YES_AGGRESSIVE;
				CLANG_CXX_LANGUAGE_STANDARD = "gnu++14";
				CLANG_CXX_LIBRARY = "libc++";
				CLANG_ENABLE_MODULES = YES;
				CLANG_ENABLE_OBJC_ARC = YES;
				CLANG_ENABLE_OBJC_WEAK = YES;
				CLANG_WARN_BLOCK_CAPTURE_AUTORELEASING = YES;
				CLANG_WARN_BOOL_CONVERSION = YES;
				CLANG_WARN_COMMA = YES;
				CLANG_WARN_CONSTANT_CONVERSION = YES;
				CLANG_WARN_DEPRECATED_OBJC_IMPLEMENTATIONS = YES;
				CLANG_WARN_DIRECT_OBJC_ISA_USAGE = YES_ERROR;
				CLANG_WARN_DOCUMENTATION_COMMENTS = YES;
				CLANG_WARN_EMPTY_BODY = YES;
				CLANG_WARN_ENUM_CONVERSION = YES;
				CLANG_WARN_INFINITE_RECURSION = YES;
				CLANG_WARN_INT_CONVERSION = YES;
				CLANG_WARN_NON_LITERAL_NULL_CONVERSION = YES;
				CLANG_WARN_OBJC_IMPLICIT_RETAIN_SELF = YES;
				CLANG_WARN_OBJC_LITERAL_CONVERSION = YES;
				CLANG_WARN_OBJC_ROOT_CLASS = YES_ERROR;
				CLANG_WARN_RANGE_LOOP_ANALYSIS = YES;
				CLANG_WARN_STRICT_PROTOTYPES = YES;
				CLANG_WARN_SUSPICIOUS_MOVE = YES;
				CLANG_WARN_UNGUARDED_AVAILABILITY = YES_AGGRESSIVE;
				CLANG_WARN_UNREACHABLE_CODE = YES;
				CLANG_WARN__DUPLICATE_METHOD_MATCH = YES;
				COPY_PHASE_STRIP = NO;
				DEBUG_INFORMATION_FORMAT = dwarf;
				ENABLE_STRICT_OBJC_MSGSEND = YES;
				ENABLE_TESTABILITY = YES;
				GCC_C_LANGUAGE_STANDARD = gnu11;
				GCC_DYNAMIC_NO_PIC = NO;
				GCC_NO_COMMON_BLOCKS = YES;
				GCC_OPTIMIZATION_LEVEL = 0;
				GCC_PREPROCESSOR_DEFINITIONS = (
					"DEBUG=1",
					"$(inherited)",
				);
				GCC_WARN_64_TO_32_BIT_CONVERSION = YES;
				GCC_WARN_ABOUT_RETURN_TYPE = YES_ERROR;
				GCC_WARN_UNDECLARED_SELECTOR = YES;
				GCC_WARN_UNINITIALIZED_AUTOS = YES_AGGRESSIVE;
				GCC_WARN_UNUSED_FUNCTION = YES;
				GCC_WARN_UNUSED_VARIABLE = YES;
				IPHONEOS_DEPLOYMENT_TARGET = 13.5;
				MTL_ENABLE_DEBUG_INFO = INCLUDE_SOURCE;
				MTL_FAST_MATH = YES;
				ONLY_ACTIVE_ARCH = YES;
				SDKROOT = iphoneos;
				SWIFT_ACTIVE_COMPILATION_CONDITIONS = DEBUG;
				SWIFT_OPTIMIZATION_LEVEL = "-Onone";
			};
			name = Debug;
		};
		D6F0EA53249CFA0900598A8C /* Release */ = {
			isa = XCBuildConfiguration;
			buildSettings = {
				ALWAYS_SEARCH_USER_PATHS = NO;
				CLANG_ANALYZER_NONNULL = YES;
				CLANG_ANALYZER_NUMBER_OBJECT_CONVERSION = YES_AGGRESSIVE;
				CLANG_CXX_LANGUAGE_STANDARD = "gnu++14";
				CLANG_CXX_LIBRARY = "libc++";
				CLANG_ENABLE_MODULES = YES;
				CLANG_ENABLE_OBJC_ARC = YES;
				CLANG_ENABLE_OBJC_WEAK = YES;
				CLANG_WARN_BLOCK_CAPTURE_AUTORELEASING = YES;
				CLANG_WARN_BOOL_CONVERSION = YES;
				CLANG_WARN_COMMA = YES;
				CLANG_WARN_CONSTANT_CONVERSION = YES;
				CLANG_WARN_DEPRECATED_OBJC_IMPLEMENTATIONS = YES;
				CLANG_WARN_DIRECT_OBJC_ISA_USAGE = YES_ERROR;
				CLANG_WARN_DOCUMENTATION_COMMENTS = YES;
				CLANG_WARN_EMPTY_BODY = YES;
				CLANG_WARN_ENUM_CONVERSION = YES;
				CLANG_WARN_INFINITE_RECURSION = YES;
				CLANG_WARN_INT_CONVERSION = YES;
				CLANG_WARN_NON_LITERAL_NULL_CONVERSION = YES;
				CLANG_WARN_OBJC_IMPLICIT_RETAIN_SELF = YES;
				CLANG_WARN_OBJC_LITERAL_CONVERSION = YES;
				CLANG_WARN_OBJC_ROOT_CLASS = YES_ERROR;
				CLANG_WARN_RANGE_LOOP_ANALYSIS = YES;
				CLANG_WARN_STRICT_PROTOTYPES = YES;
				CLANG_WARN_SUSPICIOUS_MOVE = YES;
				CLANG_WARN_UNGUARDED_AVAILABILITY = YES_AGGRESSIVE;
				CLANG_WARN_UNREACHABLE_CODE = YES;
				CLANG_WARN__DUPLICATE_METHOD_MATCH = YES;
				COPY_PHASE_STRIP = NO;
				DEBUG_INFORMATION_FORMAT = "dwarf-with-dsym";
				ENABLE_NS_ASSERTIONS = NO;
				ENABLE_STRICT_OBJC_MSGSEND = YES;
				GCC_C_LANGUAGE_STANDARD = gnu11;
				GCC_NO_COMMON_BLOCKS = YES;
				GCC_WARN_64_TO_32_BIT_CONVERSION = YES;
				GCC_WARN_ABOUT_RETURN_TYPE = YES_ERROR;
				GCC_WARN_UNDECLARED_SELECTOR = YES;
				GCC_WARN_UNINITIALIZED_AUTOS = YES_AGGRESSIVE;
				GCC_WARN_UNUSED_FUNCTION = YES;
				GCC_WARN_UNUSED_VARIABLE = YES;
				IPHONEOS_DEPLOYMENT_TARGET = 13.5;
				MTL_ENABLE_DEBUG_INFO = NO;
				MTL_FAST_MATH = YES;
				SDKROOT = iphoneos;
				SWIFT_COMPILATION_MODE = wholemodule;
				SWIFT_OPTIMIZATION_LEVEL = "-O";
				VALIDATE_PRODUCT = YES;
			};
			name = Release;
		};
		D6F0EA55249CFA0900598A8C /* Debug */ = {
			isa = XCBuildConfiguration;
			buildSettings = {
				ASSETCATALOG_COMPILER_APPICON_NAME = AppIcon;
				CODE_SIGN_STYLE = Automatic;
				INFOPLIST_FILE = "Quiz/Supporting Files/Info.plist";
				LD_RUNPATH_SEARCH_PATHS = (
					"$(inherited)",
					"@executable_path/Frameworks",
				);
				PRODUCT_BUNDLE_IDENTIFIER = ahuntsic.Quiz;
				PRODUCT_NAME = "$(TARGET_NAME)";
				SWIFT_VERSION = 5.0;
				TARGETED_DEVICE_FAMILY = "1,2";
			};
			name = Debug;
		};
		D6F0EA56249CFA0900598A8C /* Release */ = {
			isa = XCBuildConfiguration;
			buildSettings = {
				ASSETCATALOG_COMPILER_APPICON_NAME = AppIcon;
				CODE_SIGN_STYLE = Automatic;
				INFOPLIST_FILE = "Quiz/Supporting Files/Info.plist";
				LD_RUNPATH_SEARCH_PATHS = (
					"$(inherited)",
					"@executable_path/Frameworks",
				);
				PRODUCT_BUNDLE_IDENTIFIER = ahuntsic.Quiz;
				PRODUCT_NAME = "$(TARGET_NAME)";
				SWIFT_VERSION = 5.0;
				TARGETED_DEVICE_FAMILY = "1,2";
			};
			name = Release;
		};
/* End XCBuildConfiguration section */

/* Begin XCConfigurationList section */
		D6F0EA3B249CFA0600598A8C /* Build configuration list for PBXProject "Quiz" */ = {
			isa = XCConfigurationList;
			buildConfigurations = (
				D6F0EA52249CFA0900598A8C /* Debug */,
				D6F0EA53249CFA0900598A8C /* Release */,
			);
			defaultConfigurationIsVisible = 0;
			defaultConfigurationName = Release;
		};
		D6F0EA54249CFA0900598A8C /* Build configuration list for PBXNativeTarget "Quiz" */ = {
			isa = XCConfigurationList;
			buildConfigurations = (
				D6F0EA55249CFA0900598A8C /* Debug */,
				D6F0EA56249CFA0900598A8C /* Release */,
			);
			defaultConfigurationIsVisible = 0;
			defaultConfigurationName = Release;
		};
/* End XCConfigurationList section */
	};
	rootObject = D6F0EA38249CFA0600598A8C /* Project object */;
}
